
Microsoft Visual Studio Solution File, Format Version 12.00
# Visual Studio 15
VisualStudioVersion = 15.0.27703.2026
MinimumVisualStudioVersion = 10.0.40219.1
Project("{2150E333-8FDC-42A3-9474-1A3956D46DE8}") = "01.Client", "01.Client", "{2A12D126-55D7-4081-93BF-3E3CBA776082}"
EndProject
Project("{2150E333-8FDC-42A3-9474-1A3956D46DE8}") = "02.APIs", "02.APIs", "{858023F0-F0D4-4CB9-AB73-6C7AD28F7DF5}"
EndProject
Project("{2150E333-8FDC-42A3-9474-1A3956D46DE8}") = "03.Service", "03.Service", "{09988A0A-EBEB-414A-AB46-4B894F2B94B5}"
EndProject
Project("{2150E333-8FDC-42A3-9474-1A3956D46DE8}") = "04.Persistence", "04.Persistence", "{910124AB-F095-4CF4-8110-C37627713AF6}"
EndProject
Project("{2150E333-8FDC-42A3-9474-1A3956D46DE8}") = "05.Common", "05.Common", "{EC57BCA2-919D-478E-A7EA-AEE425F8D32E}"
EndProject
Project("{FAE04EC0-301F-11D3-BF4B-00C04F79EFBC}") = "SCI.API", "src\apis\SCI.API\SCI.API.csproj", "{A1EC8F13-9363-489A-9B56-65764AC27C44}"
EndProject
Project("{FAE04EC0-301F-11D3-BF4B-00C04F79EFBC}") = "Services", "src\services\Services\Services.csproj", "{A21C4CC6-AB27-40E2-8E78-BF0239314944}"
EndProject
Project("{FAE04EC0-301F-11D3-BF4B-00C04F79EFBC}") = "Persistence.DataBaseContext", "src\persistence\Persistence.DataBaseContext\Persistence.DataBaseContext.csproj", "{ADF3A7E5-D8F1-4CAC-818F-5EA9F2132817}"
EndProject
Project("{FAE04EC0-301F-11D3-BF4B-00C04F79EFBC}") = "Common", "src\common\Common\Common.csproj", "{214822B7-6D27-4D67-B3A2-CCB82D2F8D40}"
EndProject
Project("{FAE04EC0-301F-11D3-BF4B-00C04F79EFBC}") = "Model", "src\common\Model\Model.csproj", "{B8052C18-C9E1-43E3-B015-FA1E01F7A9BD}"
EndProject
Global
	GlobalSection(SolutionConfigurationPlatforms) = preSolution
		Debug|Any CPU = Debug|Any CPU
		Release|Any CPU = Release|Any CPU
	EndGlobalSection
	GlobalSection(ProjectConfigurationPlatforms) = postSolution
		{A1EC8F13-9363-489A-9B56-65764AC27C44}.Debug|Any CPU.ActiveCfg = Debug|Any CPU
		{A1EC8F13-9363-489A-9B56-65764AC27C44}.Debug|Any CPU.Build.0 = Debug|Any CPU
		{A1EC8F13-9363-489A-9B56-65764AC27C44}.Release|Any CPU.ActiveCfg = Release|Any CPU
		{A1EC8F13-9363-489A-9B56-65764AC27C44}.Release|Any CPU.Build.0 = Release|Any CPU
		{A21C4CC6-AB27-40E2-8E78-BF0239314944}.Debug|Any CPU.ActiveCfg = Debug|Any CPU
		{A21C4CC6-AB27-40E2-8E78-BF0239314944}.Debug|Any CPU.Build.0 = Debug|Any CPU
		{A21C4CC6-AB27-40E2-8E78-BF0239314944}.Release|Any CPU.ActiveCfg = Release|Any CPU
		{A21C4CC6-AB27-40E2-8E78-BF0239314944}.Release|Any CPU.Build.0 = Release|Any CPU
		{ADF3A7E5-D8F1-4CAC-818F-5EA9F2132817}.Debug|Any CPU.ActiveCfg = Debug|Any CPU
		{ADF3A7E5-D8F1-4CAC-818F-5EA9F2132817}.Debug|Any CPU.Build.0 = Debug|Any CPU
		{ADF3A7E5-D8F1-4CAC-818F-5EA9F2132817}.Release|Any CPU.ActiveCfg = Release|Any CPU
		{ADF3A7E5-D8F1-4CAC-818F-5EA9F2132817}.Release|Any CPU.Build.0 = Release|Any CPU
		{214822B7-6D27-4D67-B3A2-CCB82D2F8D40}.Debug|Any CPU.ActiveCfg = Debug|Any CPU
		{214822B7-6D27-4D67-B3A2-CCB82D2F8D40}.Debug|Any CPU.Build.0 = Debug|Any CPU
		{214822B7-6D27-4D67-B3A2-CCB82D2F8D40}.Release|Any CPU.ActiveCfg = Release|Any CPU
		{214822B7-6D27-4D67-B3A2-CCB82D2F8D40}.Release|Any CPU.Build.0 = Release|Any CPU
		{B8052C18-C9E1-43E3-B015-FA1E01F7A9BD}.Debug|Any CPU.ActiveCfg = Debug|Any CPU
		{B8052C18-C9E1-43E3-B015-FA1E01F7A9BD}.Debug|Any CPU.Build.0 = Debug|Any CPU
		{B8052C18-C9E1-43E3-B015-FA1E01F7A9BD}.Release|Any CPU.ActiveCfg = Release|Any CPU
		{B8052C18-C9E1-43E3-B015-FA1E01F7A9BD}.Release|Any CPU.Build.0 = Release|Any CPU
	EndGlobalSection
	GlobalSection(SolutionProperties) = preSolution
		HideSolutionNode = FALSE
	EndGlobalSection
	GlobalSection(NestedProjects) = preSolution
		{A1EC8F13-9363-489A-9B56-65764AC27C44} = {858023F0-F0D4-4CB9-AB73-6C7AD28F7DF5}
		{A21C4CC6-AB27-40E2-8E78-BF0239314944} = {09988A0A-EBEB-414A-AB46-4B894F2B94B5}
		{ADF3A7E5-D8F1-4CAC-818F-5EA9F2132817} = {910124AB-F095-4CF4-8110-C37627713AF6}
		{214822B7-6D27-4D67-B3A2-CCB82D2F8D40} = {EC57BCA2-919D-478E-A7EA-AEE425F8D32E}
		{B8052C18-C9E1-43E3-B015-FA1E01F7A9BD} = {EC57BCA2-919D-478E-A7EA-AEE425F8D32E}
	EndGlobalSection
	GlobalSection(ExtensibilityGlobals) = postSolution
		SolutionGuid = {2CCF0921-0F94-4358-AA50-C221DEF5A212}
	EndGlobalSection
EndGlobal
